
Microsoft Visual Studio Solution File, Format Version 12.00
# Visual Studio Version 17
VisualStudioVersion = 17.13.35806.99 d17.13
MinimumVisualStudioVersion = 10.0.40219.1
Project("{FAE04EC0-301F-11D3-BF4B-00C04F79EFBC}") = "MVCHotel", "MVCHotel\MVCHotel.csproj", "{251D773C-E605-47BA-98EF-107EFA7ADCCD}"
EndProject
Global
	GlobalSection(SolutionConfigurationPlatforms) = preSolution
		Debug|Any CPU = Debug|Any CPU
		Release|Any CPU = Release|Any CPU
	EndGlobalSection
	GlobalSection(ProjectConfigurationPlatforms) = postSolution
		{251D773C-E605-47BA-98EF-107EFA7ADCCD}.Debug|Any CPU.ActiveCfg = Debug|Any CPU
		{251D773C-E605-47BA-98EF-107EFA7ADCCD}.Debug|Any CPU.Build.0 = Debug|Any CPU
		{251D773C-E605-47BA-98EF-107EFA7ADCCD}.Release|Any CPU.ActiveCfg = Release|Any CPU
		{251D773C-E605-47BA-98EF-107EFA7ADCCD}.Release|Any CPU.Build.0 = Release|Any CPU
	EndGlobalSection
	GlobalSection(SolutionProperties) = preSolution
		HideSolutionNode = FALSE
	EndGlobalSection
	GlobalSection(ExtensibilityGlobals) = postSolution
		SolutionGuid = {E54FF0F7-A84B-4494-BA11-3957BCCC42A4}
	EndGlobalSection
EndGlobal
